// !$*UTF8*$!
{
	archiveVersion = 1;
	classes = {
	};
	objectVersion = 56;
	objects = {

/* Begin PBXBuildFile section */
		71E7C14C2B7B426300E7BD1C /* CustomHalfModal.swift in Sources */ = {isa = PBXBuildFile; fileRef = 71E7C14B2B7B426300E7BD1C /* CustomHalfModal.swift */; };
		71E7C14F2B7B428C00E7BD1C /* SnapKit in Frameworks */ = {isa = PBXBuildFile; productRef = 71E7C14E2B7B428C00E7BD1C /* SnapKit */; };
		C62DA29C2B7CFD5F00283F0A /* Pretendard-SemiBold.otf in Resources */ = {isa = PBXBuildFile; fileRef = C62DA2982B7CFD5F00283F0A /* Pretendard-SemiBold.otf */; };
		C62DA29D2B7CFD5F00283F0A /* Pretendard-Bold.otf in Resources */ = {isa = PBXBuildFile; fileRef = C62DA2992B7CFD5F00283F0A /* Pretendard-Bold.otf */; };
		C62DA29E2B7CFD5F00283F0A /* Pretendard-Black.otf in Resources */ = {isa = PBXBuildFile; fileRef = C62DA29A2B7CFD5F00283F0A /* Pretendard-Black.otf */; };
		C62DA29F2B7CFD5F00283F0A /* Pretendard-Regular.otf in Resources */ = {isa = PBXBuildFile; fileRef = C62DA29B2B7CFD5F00283F0A /* Pretendard-Regular.otf */; };
		C62DA2A22B7CFDA800283F0A /* UIFont + Extenstion.swift in Sources */ = {isa = PBXBuildFile; fileRef = C62DA2A12B7CFDA800283F0A /* UIFont + Extenstion.swift */; };
		C62DA2A42B7CFE4D00283F0A /* UIView + Extension.swift in Sources */ = {isa = PBXBuildFile; fileRef = C62DA2A32B7CFE4D00283F0A /* UIView + Extension.swift */; };
		C62DA2A62B7D016E00283F0A /* UIColor + Extension.swift in Sources */ = {isa = PBXBuildFile; fileRef = C62DA2A52B7D016E00283F0A /* UIColor + Extension.swift */; };
		C6856AF62B7A062F00528493 /* HomeView.swift in Sources */ = {isa = PBXBuildFile; fileRef = C6856AF52B7A062F00528493 /* HomeView.swift */; };
		C6856AF82B7A063500528493 /* HomeVM.swift in Sources */ = {isa = PBXBuildFile; fileRef = C6856AF72B7A063500528493 /* HomeVM.swift */; };
		C6CFAD1C2B7B981600D170D7 /* MonthlyConsumption.swift in Sources */ = {isa = PBXBuildFile; fileRef = C6CFAD1B2B7B981600D170D7 /* MonthlyConsumption.swift */; };
		C6CFAD1E2B7B9BA000D170D7 /* DailyConsumption.swift in Sources */ = {isa = PBXBuildFile; fileRef = C6CFAD1D2B7B9BA000D170D7 /* DailyConsumption.swift */; };
		C6CFAD262B7B9D2600D170D7 /* MontlyConsumptionDTO.swift in Sources */ = {isa = PBXBuildFile; fileRef = C6CFAD252B7B9D2600D170D7 /* MontlyConsumptionDTO.swift */; };
		C6CFAD282B7B9D5800D170D7 /* DailyConsumptionDTO.swift in Sources */ = {isa = PBXBuildFile; fileRef = C6CFAD272B7B9D5800D170D7 /* DailyConsumptionDTO.swift */; };
		C6CFAD302B7BA6B700D170D7 /* LocalStorageManager.swift in Sources */ = {isa = PBXBuildFile; fileRef = C6CFAD2F2B7BA6B700D170D7 /* LocalStorageManager.swift */; };
		C6CFAD322B7BB51700D170D7 /* ConsumptionDTO.swift in Sources */ = {isa = PBXBuildFile; fileRef = C6CFAD312B7BB51700D170D7 /* ConsumptionDTO.swift */; };
		C6CFAD342B7BBEEF00D170D7 /* GetMonthlyConsumptionUseCase.swift in Sources */ = {isa = PBXBuildFile; fileRef = C6CFAD332B7BBEEF00D170D7 /* GetMonthlyConsumptionUseCase.swift */; };
		C6CFAD362B7BBFE400D170D7 /* Consumption.swift in Sources */ = {isa = PBXBuildFile; fileRef = C6CFAD352B7BBFE400D170D7 /* Consumption.swift */; };
		C6D370B52B7A0297003B86C4 /* Container.swift in Sources */ = {isa = PBXBuildFile; fileRef = C6D370B42B7A0297003B86C4 /* Container.swift */; };
		C6F6AB972B065128004473F4 /* AppDelegate.swift in Sources */ = {isa = PBXBuildFile; fileRef = C6F6AB962B065128004473F4 /* AppDelegate.swift */; };
		C6F6AB992B065128004473F4 /* SceneDelegate.swift in Sources */ = {isa = PBXBuildFile; fileRef = C6F6AB982B065128004473F4 /* SceneDelegate.swift */; };
		C6F6AB9B2B065128004473F4 /* HomeVC.swift in Sources */ = {isa = PBXBuildFile; fileRef = C6F6AB9A2B065128004473F4 /* HomeVC.swift */; };
		C6F6ABA12B065128004473F4 /* Oh_Sobi.xcdatamodeld in Sources */ = {isa = PBXBuildFile; fileRef = C6F6AB9F2B065128004473F4 /* Oh_Sobi.xcdatamodeld */; };
		C6F6ABA32B065129004473F4 /* Assets.xcassets in Resources */ = {isa = PBXBuildFile; fileRef = C6F6ABA22B065129004473F4 /* Assets.xcassets */; };
		C6F6ABA62B065129004473F4 /* LaunchScreen.storyboard in Resources */ = {isa = PBXBuildFile; fileRef = C6F6ABA42B065129004473F4 /* LaunchScreen.storyboard */; };
/* End PBXBuildFile section */

/* Begin PBXFileReference section */
		71E7C14B2B7B426300E7BD1C /* CustomHalfModal.swift */ = {isa = PBXFileReference; lastKnownFileType = sourcecode.swift; path = CustomHalfModal.swift; sourceTree = "<group>"; };
		C62DA2982B7CFD5F00283F0A /* Pretendard-SemiBold.otf */ = {isa = PBXFileReference; lastKnownFileType = file; name = "Pretendard-SemiBold.otf"; path = "../../../../../../Pretendard-1.3.9/public/static/Pretendard-SemiBold.otf"; sourceTree = "<group>"; };
		C62DA2992B7CFD5F00283F0A /* Pretendard-Bold.otf */ = {isa = PBXFileReference; lastKnownFileType = file; name = "Pretendard-Bold.otf"; path = "../../../../../../Pretendard-1.3.9/public/static/Pretendard-Bold.otf"; sourceTree = "<group>"; };
		C62DA29A2B7CFD5F00283F0A /* Pretendard-Black.otf */ = {isa = PBXFileReference; lastKnownFileType = file; name = "Pretendard-Black.otf"; path = "../../../../../../Pretendard-1.3.9/public/static/Pretendard-Black.otf"; sourceTree = "<group>"; };
		C62DA29B2B7CFD5F00283F0A /* Pretendard-Regular.otf */ = {isa = PBXFileReference; lastKnownFileType = file; name = "Pretendard-Regular.otf"; path = "../../../../../../Pretendard-1.3.9/public/static/Pretendard-Regular.otf"; sourceTree = "<group>"; };
		C62DA2A12B7CFDA800283F0A /* UIFont + Extenstion.swift */ = {isa = PBXFileReference; lastKnownFileType = sourcecode.swift; path = "UIFont + Extenstion.swift"; sourceTree = "<group>"; };
		C62DA2A32B7CFE4D00283F0A /* UIView + Extension.swift */ = {isa = PBXFileReference; lastKnownFileType = sourcecode.swift; path = "UIView + Extension.swift"; sourceTree = "<group>"; };
		C62DA2A52B7D016E00283F0A /* UIColor + Extension.swift */ = {isa = PBXFileReference; lastKnownFileType = sourcecode.swift; path = "UIColor + Extension.swift"; sourceTree = "<group>"; };
		C6856AF52B7A062F00528493 /* HomeView.swift */ = {isa = PBXFileReference; lastKnownFileType = sourcecode.swift; path = HomeView.swift; sourceTree = "<group>"; };
		C6856AF72B7A063500528493 /* HomeVM.swift */ = {isa = PBXFileReference; lastKnownFileType = sourcecode.swift; path = HomeVM.swift; sourceTree = "<group>"; };
		C6CFAD1B2B7B981600D170D7 /* MonthlyConsumption.swift */ = {isa = PBXFileReference; lastKnownFileType = sourcecode.swift; path = MonthlyConsumption.swift; sourceTree = "<group>"; };
		C6CFAD1D2B7B9BA000D170D7 /* DailyConsumption.swift */ = {isa = PBXFileReference; lastKnownFileType = sourcecode.swift; path = DailyConsumption.swift; sourceTree = "<group>"; };
		C6CFAD252B7B9D2600D170D7 /* MontlyConsumptionDTO.swift */ = {isa = PBXFileReference; lastKnownFileType = sourcecode.swift; path = MontlyConsumptionDTO.swift; sourceTree = "<group>"; };
		C6CFAD272B7B9D5800D170D7 /* DailyConsumptionDTO.swift */ = {isa = PBXFileReference; lastKnownFileType = sourcecode.swift; path = DailyConsumptionDTO.swift; sourceTree = "<group>"; };
		C6CFAD2F2B7BA6B700D170D7 /* LocalStorageManager.swift */ = {isa = PBXFileReference; lastKnownFileType = sourcecode.swift; path = LocalStorageManager.swift; sourceTree = "<group>"; };
		C6CFAD312B7BB51700D170D7 /* ConsumptionDTO.swift */ = {isa = PBXFileReference; lastKnownFileType = sourcecode.swift; path = ConsumptionDTO.swift; sourceTree = "<group>"; };
		C6CFAD332B7BBEEF00D170D7 /* GetMonthlyConsumptionUseCase.swift */ = {isa = PBXFileReference; lastKnownFileType = sourcecode.swift; path = GetMonthlyConsumptionUseCase.swift; sourceTree = "<group>"; };
		C6CFAD352B7BBFE400D170D7 /* Consumption.swift */ = {isa = PBXFileReference; lastKnownFileType = sourcecode.swift; path = Consumption.swift; sourceTree = "<group>"; };
		C6D370B42B7A0297003B86C4 /* Container.swift */ = {isa = PBXFileReference; lastKnownFileType = sourcecode.swift; path = Container.swift; sourceTree = "<group>"; };
		C6F6AB932B065128004473F4 /* Oh-Sobi.app */ = {isa = PBXFileReference; explicitFileType = wrapper.application; includeInIndex = 0; path = "Oh-Sobi.app"; sourceTree = BUILT_PRODUCTS_DIR; };
		C6F6AB962B065128004473F4 /* AppDelegate.swift */ = {isa = PBXFileReference; lastKnownFileType = sourcecode.swift; path = AppDelegate.swift; sourceTree = "<group>"; };
		C6F6AB982B065128004473F4 /* SceneDelegate.swift */ = {isa = PBXFileReference; lastKnownFileType = sourcecode.swift; path = SceneDelegate.swift; sourceTree = "<group>"; };
		C6F6AB9A2B065128004473F4 /* HomeVC.swift */ = {isa = PBXFileReference; lastKnownFileType = sourcecode.swift; path = HomeVC.swift; sourceTree = "<group>"; };
		C6F6ABA02B065128004473F4 /* Oh_Sobi.xcdatamodel */ = {isa = PBXFileReference; lastKnownFileType = wrapper.xcdatamodel; path = Oh_Sobi.xcdatamodel; sourceTree = "<group>"; };
		C6F6ABA22B065129004473F4 /* Assets.xcassets */ = {isa = PBXFileReference; lastKnownFileType = folder.assetcatalog; path = Assets.xcassets; sourceTree = "<group>"; };
		C6F6ABA52B065129004473F4 /* Base */ = {isa = PBXFileReference; lastKnownFileType = file.storyboard; name = Base; path = Base.lproj/LaunchScreen.storyboard; sourceTree = "<group>"; };
		C6F6ABA72B065129004473F4 /* Oh_Sobi.entitlements */ = {isa = PBXFileReference; lastKnownFileType = text.plist.entitlements; path = Oh_Sobi.entitlements; sourceTree = "<group>"; };
		C6F6ABA82B065129004473F4 /* Info.plist */ = {isa = PBXFileReference; lastKnownFileType = text.plist.xml; path = Info.plist; sourceTree = "<group>"; };
/* End PBXFileReference section */

/* Begin PBXFrameworksBuildPhase section */
		C6F6AB902B065128004473F4 /* Frameworks */ = {
			isa = PBXFrameworksBuildPhase;
			buildActionMask = 2147483647;
			files = (
				71E7C14F2B7B428C00E7BD1C /* SnapKit in Frameworks */,
			);
			runOnlyForDeploymentPostprocessing = 0;
		};
/* End PBXFrameworksBuildPhase section */

/* Begin PBXGroup section */
		71E7C14A2B7B425100E7BD1C /* Utils */ = {
			isa = PBXGroup;
			children = (
				71E7C14B2B7B426300E7BD1C /* CustomHalfModal.swift */,
				C62DA2A02B7CFD8400283F0A /* Extension */,
			);
			path = Utils;
			sourceTree = "<group>";
		};
		C62DA2972B7CFD2A00283F0A /* Fonts */ = {
			isa = PBXGroup;
			children = (
				C62DA29A2B7CFD5F00283F0A /* Pretendard-Black.otf */,
				C62DA2992B7CFD5F00283F0A /* Pretendard-Bold.otf */,
				C62DA29B2B7CFD5F00283F0A /* Pretendard-Regular.otf */,
				C62DA2982B7CFD5F00283F0A /* Pretendard-SemiBold.otf */,
			);
			path = Fonts;
			sourceTree = "<group>";
		};
		C62DA2A02B7CFD8400283F0A /* Extension */ = {
			isa = PBXGroup;
			children = (
				C62DA2A12B7CFDA800283F0A /* UIFont + Extenstion.swift */,
				C62DA2A32B7CFE4D00283F0A /* UIView + Extension.swift */,
				C62DA2A52B7D016E00283F0A /* UIColor + Extension.swift */,
			);
			path = Extension;
			sourceTree = "<group>";
		};
		C6856AF42B7A060800528493 /* Home */ = {
			isa = PBXGroup;
			children = (
				C6856AF92B7A063800528493 /* HomeView */,
				C6F6AB9A2B065128004473F4 /* HomeVC.swift */,
				C6856AF72B7A063500528493 /* HomeVM.swift */,
			);
			path = Home;
			sourceTree = "<group>";
		};
		C6856AF92B7A063800528493 /* HomeView */ = {
			isa = PBXGroup;
			children = (
				C6856AF52B7A062F00528493 /* HomeView.swift */,
			);
			path = HomeView;
			sourceTree = "<group>";
		};
		C6CFAD182B7B97E300D170D7 /* Domain */ = {
			isa = PBXGroup;
			children = (
				C6CFAD192B7B97F700D170D7 /* UseCase */,
				C6CFAD1A2B7B980200D170D7 /* Entities */,
			);
			path = Domain;
			sourceTree = "<group>";
		};
		C6CFAD192B7B97F700D170D7 /* UseCase */ = {
			isa = PBXGroup;
			children = (
				C6CFAD332B7BBEEF00D170D7 /* GetMonthlyConsumptionUseCase.swift */,
			);
			path = UseCase;
			sourceTree = "<group>";
		};
		C6CFAD1A2B7B980200D170D7 /* Entities */ = {
			isa = PBXGroup;
			children = (
				C6CFAD1B2B7B981600D170D7 /* MonthlyConsumption.swift */,
				C6CFAD1D2B7B9BA000D170D7 /* DailyConsumption.swift */,
				C6CFAD352B7BBFE400D170D7 /* Consumption.swift */,
			);
			path = Entities;
			sourceTree = "<group>";
		};
		C6CFAD212B7B9C9900D170D7 /* Data */ = {
			isa = PBXGroup;
			children = (
				C6CFAD2F2B7BA6B700D170D7 /* LocalStorageManager.swift */,
				C6CFAD242B7B9D1600D170D7 /* Models */,
			);
			path = Data;
			sourceTree = "<group>";
		};
		C6CFAD242B7B9D1600D170D7 /* Models */ = {
			isa = PBXGroup;
			children = (
				C6CFAD252B7B9D2600D170D7 /* MontlyConsumptionDTO.swift */,
				C6CFAD272B7B9D5800D170D7 /* DailyConsumptionDTO.swift */,
				C6CFAD312B7BB51700D170D7 /* ConsumptionDTO.swift */,
			);
			path = Models;
			sourceTree = "<group>";
		};
		C6D370B32B7A0283003B86C4 /* Container */ = {
			isa = PBXGroup;
			children = (
				C6D370B42B7A0297003B86C4 /* Container.swift */,
			);
			path = Container;
			sourceTree = "<group>";
		};
		C6D370B62B7A0407003B86C4 /* Application */ = {
			isa = PBXGroup;
			children = (
				C6F6AB962B065128004473F4 /* AppDelegate.swift */,
				C6F6AB982B065128004473F4 /* SceneDelegate.swift */,
				C6D370B32B7A0283003B86C4 /* Container */,
			);
			path = Application;
			sourceTree = "<group>";
		};
		C6D370B72B7A0428003B86C4 /* Resource */ = {
			isa = PBXGroup;
			children = (
				C6F6ABA22B065129004473F4 /* Assets.xcassets */,
				C62DA2972B7CFD2A00283F0A /* Fonts */,
			);
			path = Resource;
			sourceTree = "<group>";
		};
		C6D370B92B7A048C003B86C4 /* Presentation */ = {
			isa = PBXGroup;
			children = (
				C6F6ABA42B065129004473F4 /* LaunchScreen.storyboard */,
				C6856AF42B7A060800528493 /* Home */,
			);
			path = Presentation;
			sourceTree = "<group>";
		};
		C6F6AB8A2B065128004473F4 = {
			isa = PBXGroup;
			children = (
				C6F6AB952B065128004473F4 /* Oh-Sobi */,
				C6F6AB942B065128004473F4 /* Products */,
			);
			sourceTree = "<group>";
		};
		C6F6AB942B065128004473F4 /* Products */ = {
			isa = PBXGroup;
			children = (
				C6F6AB932B065128004473F4 /* Oh-Sobi.app */,
			);
			name = Products;
			sourceTree = "<group>";
		};
		C6F6AB952B065128004473F4 /* Oh-Sobi */ = {
			isa = PBXGroup;
			children = (
				C6D370B62B7A0407003B86C4 /* Application */,
				C6CFAD182B7B97E300D170D7 /* Domain */,
				C6D370B92B7A048C003B86C4 /* Presentation */,
				C6CFAD212B7B9C9900D170D7 /* Data */,
				71E7C14A2B7B425100E7BD1C /* Utils */,
				C6D370B72B7A0428003B86C4 /* Resource */,
				C6F6ABA82B065129004473F4 /* Info.plist */,
				C6F6AB9F2B065128004473F4 /* Oh_Sobi.xcdatamodeld */,
				C6F6ABA72B065129004473F4 /* Oh_Sobi.entitlements */,
			);
			path = "Oh-Sobi";
			sourceTree = "<group>";
		};
/* End PBXGroup section */

/* Begin PBXNativeTarget section */
		C6F6AB922B065128004473F4 /* Oh-Sobi */ = {
			isa = PBXNativeTarget;
			buildConfigurationList = C6F6ABAB2B065129004473F4 /* Build configuration list for PBXNativeTarget "Oh-Sobi" */;
			buildPhases = (
				C6F6AB8F2B065128004473F4 /* Sources */,
				C6F6AB902B065128004473F4 /* Frameworks */,
				C6F6AB912B065128004473F4 /* Resources */,
			);
			buildRules = (
			);
			dependencies = (
			);
			name = "Oh-Sobi";
			packageProductDependencies = (
				71E7C14E2B7B428C00E7BD1C /* SnapKit */,
			);
			productName = "Oh-Sobi";
			productReference = C6F6AB932B065128004473F4 /* Oh-Sobi.app */;
			productType = "com.apple.product-type.application";
		};
/* End PBXNativeTarget section */

/* Begin PBXProject section */
		C6F6AB8B2B065128004473F4 /* Project object */ = {
			isa = PBXProject;
			attributes = {
				BuildIndependentTargetsInParallel = 1;
				LastSwiftUpdateCheck = 1500;
				LastUpgradeCheck = 1500;
				TargetAttributes = {
					C6F6AB922B065128004473F4 = {
						CreatedOnToolsVersion = 15.0.1;
					};
				};
			};
			buildConfigurationList = C6F6AB8E2B065128004473F4 /* Build configuration list for PBXProject "Oh-Sobi" */;
			compatibilityVersion = "Xcode 14.0";
			developmentRegion = en;
			hasScannedForEncodings = 0;
			knownRegions = (
				en,
				Base,
			);
			mainGroup = C6F6AB8A2B065128004473F4;
			packageReferences = (
				71E7C14D2B7B428C00E7BD1C /* XCRemoteSwiftPackageReference "SnapKit" */,
			);
			productRefGroup = C6F6AB942B065128004473F4 /* Products */;
			projectDirPath = "";
			projectRoot = "";
			targets = (
				C6F6AB922B065128004473F4 /* Oh-Sobi */,
			);
		};
/* End PBXProject section */

/* Begin PBXResourcesBuildPhase section */
		C6F6AB912B065128004473F4 /* Resources */ = {
			isa = PBXResourcesBuildPhase;
			buildActionMask = 2147483647;
			files = (
				C62DA29C2B7CFD5F00283F0A /* Pretendard-SemiBold.otf in Resources */,
				C62DA29F2B7CFD5F00283F0A /* Pretendard-Regular.otf in Resources */,
				C62DA29D2B7CFD5F00283F0A /* Pretendard-Bold.otf in Resources */,
				C6F6ABA62B065129004473F4 /* LaunchScreen.storyboard in Resources */,
				C6F6ABA32B065129004473F4 /* Assets.xcassets in Resources */,
				C62DA29E2B7CFD5F00283F0A /* Pretendard-Black.otf in Resources */,
			);
			runOnlyForDeploymentPostprocessing = 0;
		};
/* End PBXResourcesBuildPhase section */

/* Begin PBXSourcesBuildPhase section */
		C6F6AB8F2B065128004473F4 /* Sources */ = {
			isa = PBXSourcesBuildPhase;
			buildActionMask = 2147483647;
			files = (
				C6CFAD1C2B7B981600D170D7 /* MonthlyConsumption.swift in Sources */,
				C6CFAD322B7BB51700D170D7 /* ConsumptionDTO.swift in Sources */,
				C6F6AB9B2B065128004473F4 /* HomeVC.swift in Sources */,
				C6F6AB972B065128004473F4 /* AppDelegate.swift in Sources */,
				C6856AF82B7A063500528493 /* HomeVM.swift in Sources */,
				71E7C14C2B7B426300E7BD1C /* CustomHalfModal.swift in Sources */,
				C6CFAD262B7B9D2600D170D7 /* MontlyConsumptionDTO.swift in Sources */,
				C6CFAD1E2B7B9BA000D170D7 /* DailyConsumption.swift in Sources */,
				C62DA2A42B7CFE4D00283F0A /* UIView + Extension.swift in Sources */,
				C6D370B52B7A0297003B86C4 /* Container.swift in Sources */,
				C62DA2A62B7D016E00283F0A /* UIColor + Extension.swift in Sources */,
				C6856AF62B7A062F00528493 /* HomeView.swift in Sources */,
				C62DA2A22B7CFDA800283F0A /* UIFont + Extenstion.swift in Sources */,
				C6F6AB992B065128004473F4 /* SceneDelegate.swift in Sources */,
				C6CFAD362B7BBFE400D170D7 /* Consumption.swift in Sources */,
				C6CFAD302B7BA6B700D170D7 /* LocalStorageManager.swift in Sources */,
				C6CFAD282B7B9D5800D170D7 /* DailyConsumptionDTO.swift in Sources */,
				C6F6ABA12B065128004473F4 /* Oh_Sobi.xcdatamodeld in Sources */,
				C6CFAD342B7BBEEF00D170D7 /* GetMonthlyConsumptionUseCase.swift in Sources */,
			);
			runOnlyForDeploymentPostprocessing = 0;
		};
/* End PBXSourcesBuildPhase section */

/* Begin PBXVariantGroup section */
		C6F6ABA42B065129004473F4 /* LaunchScreen.storyboard */ = {
			isa = PBXVariantGroup;
			children = (
				C6F6ABA52B065129004473F4 /* Base */,
			);
			name = LaunchScreen.storyboard;
			sourceTree = "<group>";
		};
/* End PBXVariantGroup section */

/* Begin XCBuildConfiguration section */
		C6F6ABA92B065129004473F4 /* Debug */ = {
			isa = XCBuildConfiguration;
			buildSettings = {
				ALWAYS_SEARCH_USER_PATHS = NO;
				ASSETCATALOG_COMPILER_GENERATE_SWIFT_ASSET_SYMBOL_EXTENSIONS = YES;
				CLANG_ANALYZER_NONNULL = YES;
				CLANG_ANALYZER_NUMBER_OBJECT_CONVERSION = YES_AGGRESSIVE;
				CLANG_CXX_LANGUAGE_STANDARD = "gnu++20";
				CLANG_ENABLE_MODULES = YES;
				CLANG_ENABLE_OBJC_ARC = YES;
				CLANG_ENABLE_OBJC_WEAK = YES;
				CLANG_WARN_BLOCK_CAPTURE_AUTORELEASING = YES;
				CLANG_WARN_BOOL_CONVERSION = YES;
				CLANG_WARN_COMMA = YES;
				CLANG_WARN_CONSTANT_CONVERSION = YES;
				CLANG_WARN_DEPRECATED_OBJC_IMPLEMENTATIONS = YES;
				CLANG_WARN_DIRECT_OBJC_ISA_USAGE = YES_ERROR;
				CLANG_WARN_DOCUMENTATION_COMMENTS = YES;
				CLANG_WARN_EMPTY_BODY = YES;
				CLANG_WARN_ENUM_CONVERSION = YES;
				CLANG_WARN_INFINITE_RECURSION = YES;
				CLANG_WARN_INT_CONVERSION = YES;
				CLANG_WARN_NON_LITERAL_NULL_CONVERSION = YES;
				CLANG_WARN_OBJC_IMPLICIT_RETAIN_SELF = YES;
				CLANG_WARN_OBJC_LITERAL_CONVERSION = YES;
				CLANG_WARN_OBJC_ROOT_CLASS = YES_ERROR;
				CLANG_WARN_QUOTED_INCLUDE_IN_FRAMEWORK_HEADER = YES;
				CLANG_WARN_RANGE_LOOP_ANALYSIS = YES;
				CLANG_WARN_STRICT_PROTOTYPES = YES;
				CLANG_WARN_SUSPICIOUS_MOVE = YES;
				CLANG_WARN_UNGUARDED_AVAILABILITY = YES_AGGRESSIVE;
				CLANG_WARN_UNREACHABLE_CODE = YES;
				CLANG_WARN__DUPLICATE_METHOD_MATCH = YES;
				COPY_PHASE_STRIP = NO;
				DEBUG_INFORMATION_FORMAT = dwarf;
				ENABLE_STRICT_OBJC_MSGSEND = YES;
				ENABLE_TESTABILITY = YES;
				ENABLE_USER_SCRIPT_SANDBOXING = YES;
				GCC_C_LANGUAGE_STANDARD = gnu17;
				GCC_DYNAMIC_NO_PIC = NO;
				GCC_NO_COMMON_BLOCKS = YES;
				GCC_OPTIMIZATION_LEVEL = 0;
				GCC_PREPROCESSOR_DEFINITIONS = (
					"DEBUG=1",
					"$(inherited)",
				);
				GCC_WARN_64_TO_32_BIT_CONVERSION = YES;
				GCC_WARN_ABOUT_RETURN_TYPE = YES_ERROR;
				GCC_WARN_UNDECLARED_SELECTOR = YES;
				GCC_WARN_UNINITIALIZED_AUTOS = YES_AGGRESSIVE;
				GCC_WARN_UNUSED_FUNCTION = YES;
				GCC_WARN_UNUSED_VARIABLE = YES;
				IPHONEOS_DEPLOYMENT_TARGET = 17.0;
				LOCALIZATION_PREFERS_STRING_CATALOGS = YES;
				MTL_ENABLE_DEBUG_INFO = INCLUDE_SOURCE;
				MTL_FAST_MATH = YES;
				ONLY_ACTIVE_ARCH = YES;
				SDKROOT = iphoneos;
				SWIFT_ACTIVE_COMPILATION_CONDITIONS = "DEBUG $(inherited)";
				SWIFT_OPTIMIZATION_LEVEL = "-Onone";
			};
			name = Debug;
		};
		C6F6ABAA2B065129004473F4 /* Release */ = {
			isa = XCBuildConfiguration;
			buildSettings = {
				ALWAYS_SEARCH_USER_PATHS = NO;
				ASSETCATALOG_COMPILER_GENERATE_SWIFT_ASSET_SYMBOL_EXTENSIONS = YES;
				CLANG_ANALYZER_NONNULL = YES;
				CLANG_ANALYZER_NUMBER_OBJECT_CONVERSION = YES_AGGRESSIVE;
				CLANG_CXX_LANGUAGE_STANDARD = "gnu++20";
				CLANG_ENABLE_MODULES = YES;
				CLANG_ENABLE_OBJC_ARC = YES;
				CLANG_ENABLE_OBJC_WEAK = YES;
				CLANG_WARN_BLOCK_CAPTURE_AUTORELEASING = YES;
				CLANG_WARN_BOOL_CONVERSION = YES;
				CLANG_WARN_COMMA = YES;
				CLANG_WARN_CONSTANT_CONVERSION = YES;
				CLANG_WARN_DEPRECATED_OBJC_IMPLEMENTATIONS = YES;
				CLANG_WARN_DIRECT_OBJC_ISA_USAGE = YES_ERROR;
				CLANG_WARN_DOCUMENTATION_COMMENTS = YES;
				CLANG_WARN_EMPTY_BODY = YES;
				CLANG_WARN_ENUM_CONVERSION = YES;
				CLANG_WARN_INFINITE_RECURSION = YES;
				CLANG_WARN_INT_CONVERSION = YES;
				CLANG_WARN_NON_LITERAL_NULL_CONVERSION = YES;
				CLANG_WARN_OBJC_IMPLICIT_RETAIN_SELF = YES;
				CLANG_WARN_OBJC_LITERAL_CONVERSION = YES;
				CLANG_WARN_OBJC_ROOT_CLASS = YES_ERROR;
				CLANG_WARN_QUOTED_INCLUDE_IN_FRAMEWORK_HEADER = YES;
				CLANG_WARN_RANGE_LOOP_ANALYSIS = YES;
				CLANG_WARN_STRICT_PROTOTYPES = YES;
				CLANG_WARN_SUSPICIOUS_MOVE = YES;
				CLANG_WARN_UNGUARDED_AVAILABILITY = YES_AGGRESSIVE;
				CLANG_WARN_UNREACHABLE_CODE = YES;
				CLANG_WARN__DUPLICATE_METHOD_MATCH = YES;
				COPY_PHASE_STRIP = NO;
				DEBUG_INFORMATION_FORMAT = "dwarf-with-dsym";
				ENABLE_NS_ASSERTIONS = NO;
				ENABLE_STRICT_OBJC_MSGSEND = YES;
				ENABLE_USER_SCRIPT_SANDBOXING = YES;
				GCC_C_LANGUAGE_STANDARD = gnu17;
				GCC_NO_COMMON_BLOCKS = YES;
				GCC_WARN_64_TO_32_BIT_CONVERSION = YES;
				GCC_WARN_ABOUT_RETURN_TYPE = YES_ERROR;
				GCC_WARN_UNDECLARED_SELECTOR = YES;
				GCC_WARN_UNINITIALIZED_AUTOS = YES_AGGRESSIVE;
				GCC_WARN_UNUSED_FUNCTION = YES;
				GCC_WARN_UNUSED_VARIABLE = YES;
				IPHONEOS_DEPLOYMENT_TARGET = 17.0;
				LOCALIZATION_PREFERS_STRING_CATALOGS = YES;
				MTL_ENABLE_DEBUG_INFO = NO;
				MTL_FAST_MATH = YES;
				SDKROOT = iphoneos;
				SWIFT_COMPILATION_MODE = wholemodule;
				VALIDATE_PRODUCT = YES;
			};
			name = Release;
		};
		C6F6ABAC2B065129004473F4 /* Debug */ = {
			isa = XCBuildConfiguration;
			buildSettings = {
				ASSETCATALOG_COMPILER_APPICON_NAME = AppIcon;
				ASSETCATALOG_COMPILER_GLOBAL_ACCENT_COLOR_NAME = AccentColor;
				CODE_SIGN_ENTITLEMENTS = "Oh-Sobi/Oh_Sobi.entitlements";
				CODE_SIGN_STYLE = Automatic;
				CURRENT_PROJECT_VERSION = 1;
				DEVELOPMENT_TEAM = SD8J3B58T9;
				GENERATE_INFOPLIST_FILE = YES;
				INFOPLIST_FILE = "Oh-Sobi/Info.plist";
				INFOPLIST_KEY_CFBundleDisplayName = "오소비";
				INFOPLIST_KEY_LSApplicationCategoryType = "public.app-category.lifestyle";
				INFOPLIST_KEY_UIApplicationSupportsIndirectInputEvents = YES;
				INFOPLIST_KEY_UILaunchStoryboardName = LaunchScreen;
				INFOPLIST_KEY_UISupportedInterfaceOrientations = UIInterfaceOrientationPortrait;
				INFOPLIST_KEY_UISupportedInterfaceOrientations_iPad = "UIInterfaceOrientationLandscapeLeft UIInterfaceOrientationLandscapeRight UIInterfaceOrientationPortrait UIInterfaceOrientationPortraitUpsideDown";
				IPHONEOS_DEPLOYMENT_TARGET = 15.0;
				LD_RUNPATH_SEARCH_PATHS = (
					"$(inherited)",
					"@executable_path/Frameworks",
				);
				MARKETING_VERSION = 1.0.0;
				PRODUCT_BUNDLE_IDENTIFIER = "ChamKKae-Doogie.Oh-Sobi";
				PRODUCT_NAME = "$(TARGET_NAME)";
				SUPPORTED_PLATFORMS = "iphoneos iphonesimulator";
				SUPPORTS_MACCATALYST = NO;
				SUPPORTS_MAC_DESIGNED_FOR_IPHONE_IPAD = NO;
				SWIFT_EMIT_LOC_STRINGS = YES;
				SWIFT_VERSION = 5.0;
				TARGETED_DEVICE_FAMILY = 1;
			};
			name = Debug;
		};
		C6F6ABAD2B065129004473F4 /* Release */ = {
			isa = XCBuildConfiguration;
			buildSettings = {
				ASSETCATALOG_COMPILER_APPICON_NAME = AppIcon;
				ASSETCATALOG_COMPILER_GLOBAL_ACCENT_COLOR_NAME = AccentColor;
				CODE_SIGN_ENTITLEMENTS = "Oh-Sobi/Oh_Sobi.entitlements";
				CODE_SIGN_STYLE = Automatic;
				CURRENT_PROJECT_VERSION = 1;
				DEVELOPMENT_TEAM = SD8J3B58T9;
				GENERATE_INFOPLIST_FILE = YES;
				INFOPLIST_FILE = "Oh-Sobi/Info.plist";
				INFOPLIST_KEY_CFBundleDisplayName = "오소비";
				INFOPLIST_KEY_LSApplicationCategoryType = "public.app-category.lifestyle";
				INFOPLIST_KEY_UIApplicationSupportsIndirectInputEvents = YES;
				INFOPLIST_KEY_UILaunchStoryboardName = LaunchScreen;
				INFOPLIST_KEY_UISupportedInterfaceOrientations = UIInterfaceOrientationPortrait;
				INFOPLIST_KEY_UISupportedInterfaceOrientations_iPad = "UIInterfaceOrientationLandscapeLeft UIInterfaceOrientationLandscapeRight UIInterfaceOrientationPortrait UIInterfaceOrientationPortraitUpsideDown";
				IPHONEOS_DEPLOYMENT_TARGET = 15.0;
				LD_RUNPATH_SEARCH_PATHS = (
					"$(inherited)",
					"@executable_path/Frameworks",
				);
				MARKETING_VERSION = 1.0.0;
				PRODUCT_BUNDLE_IDENTIFIER = "ChamKKae-Doogie.Oh-Sobi";
				PRODUCT_NAME = "$(TARGET_NAME)";
				SUPPORTED_PLATFORMS = "iphoneos iphonesimulator";
				SUPPORTS_MACCATALYST = NO;
				SUPPORTS_MAC_DESIGNED_FOR_IPHONE_IPAD = NO;
				SWIFT_EMIT_LOC_STRINGS = YES;
				SWIFT_VERSION = 5.0;
				TARGETED_DEVICE_FAMILY = 1;
			};
			name = Release;
		};
/* End XCBuildConfiguration section */

/* Begin XCConfigurationList section */
		C6F6AB8E2B065128004473F4 /* Build configuration list for PBXProject "Oh-Sobi" */ = {
			isa = XCConfigurationList;
			buildConfigurations = (
				C6F6ABA92B065129004473F4 /* Debug */,
				C6F6ABAA2B065129004473F4 /* Release */,
			);
			defaultConfigurationIsVisible = 0;
			defaultConfigurationName = Release;
		};
		C6F6ABAB2B065129004473F4 /* Build configuration list for PBXNativeTarget "Oh-Sobi" */ = {
			isa = XCConfigurationList;
			buildConfigurations = (
				C6F6ABAC2B065129004473F4 /* Debug */,
				C6F6ABAD2B065129004473F4 /* Release */,
			);
			defaultConfigurationIsVisible = 0;
			defaultConfigurationName = Release;
		};
/* End XCConfigurationList section */

/* Begin XCRemoteSwiftPackageReference section */
		71E7C14D2B7B428C00E7BD1C /* XCRemoteSwiftPackageReference "SnapKit" */ = {
			isa = XCRemoteSwiftPackageReference;
			repositoryURL = "https://github.com/SnapKit/SnapKit.git";
			requirement = {
				kind = upToNextMajorVersion;
				minimumVersion = 5.7.0;
			};
		};
/* End XCRemoteSwiftPackageReference section */

/* Begin XCSwiftPackageProductDependency section */
		71E7C14E2B7B428C00E7BD1C /* SnapKit */ = {
			isa = XCSwiftPackageProductDependency;
			package = 71E7C14D2B7B428C00E7BD1C /* XCRemoteSwiftPackageReference "SnapKit" */;
			productName = SnapKit;
		};
/* End XCSwiftPackageProductDependency section */

/* Begin XCVersionGroup section */
		C6F6AB9F2B065128004473F4 /* Oh_Sobi.xcdatamodeld */ = {
			isa = XCVersionGroup;
			children = (
				C6F6ABA02B065128004473F4 /* Oh_Sobi.xcdatamodel */,
			);
			currentVersion = C6F6ABA02B065128004473F4 /* Oh_Sobi.xcdatamodel */;
			path = Oh_Sobi.xcdatamodeld;
			sourceTree = "<group>";
			versionGroupType = wrapper.xcdatamodel;
		};
/* End XCVersionGroup section */
	};
	rootObject = C6F6AB8B2B065128004473F4 /* Project object */;
}
